
Microsoft Visual Studio Solution File, Format Version 12.00
# Visual Studio Version 16
VisualStudioVersion = 16.0.29411.108
MinimumVisualStudioVersion = 10.0.40219.1
Project("{9A19103F-16F7-4668-BE54-9A1E7A4F7556}") = "MTFunctions001", "MTFunctions001\MTFunctions001.csproj", "{B8B0DE45-FD3C-4F2A-BF37-71BDC7985819}"
EndProject
Project("{9A19103F-16F7-4668-BE54-9A1E7A4F7556}") = "Messages", "Messages\Messages.csproj", "{4CAA7008-FE4E-4E19-999E-A9489D2E4FAE}"
EndProject
Project("{FAE04EC0-301F-11D3-BF4B-00C04F79EFBC}") = "MassTransitClient3", "MassTransitClient3\MassTransitClient3.csproj", "{00A6855D-DBAE-4984-8D0E-5CF1F8DE6E0E}"
EndProject
Global
	GlobalSection(SolutionConfigurationPlatforms) = preSolution
		Debug|Any CPU = Debug|Any CPU
		Release|Any CPU = Release|Any CPU
	EndGlobalSection
	GlobalSection(ProjectConfigurationPlatforms) = postSolution
		{B8B0DE45-FD3C-4F2A-BF37-71BDC7985819}.Debug|Any CPU.ActiveCfg = Debug|Any CPU
		{B8B0DE45-FD3C-4F2A-BF37-71BDC7985819}.Debug|Any CPU.Build.0 = Debug|Any CPU
		{B8B0DE45-FD3C-4F2A-BF37-71BDC7985819}.Release|Any CPU.ActiveCfg = Release|Any CPU
		{B8B0DE45-FD3C-4F2A-BF37-71BDC7985819}.Release|Any CPU.Build.0 = Release|Any CPU
		{4CAA7008-FE4E-4E19-999E-A9489D2E4FAE}.Debug|Any CPU.ActiveCfg = Debug|Any CPU
		{4CAA7008-FE4E-4E19-999E-A9489D2E4FAE}.Debug|Any CPU.Build.0 = Debug|Any CPU
		{4CAA7008-FE4E-4E19-999E-A9489D2E4FAE}.Release|Any CPU.ActiveCfg = Release|Any CPU
		{4CAA7008-FE4E-4E19-999E-A9489D2E4FAE}.Release|Any CPU.Build.0 = Release|Any CPU
		{00A6855D-DBAE-4984-8D0E-5CF1F8DE6E0E}.Debug|Any CPU.ActiveCfg = Debug|Any CPU
		{00A6855D-DBAE-4984-8D0E-5CF1F8DE6E0E}.Debug|Any CPU.Build.0 = Debug|Any CPU
		{00A6855D-DBAE-4984-8D0E-5CF1F8DE6E0E}.Release|Any CPU.ActiveCfg = Release|Any CPU
		{00A6855D-DBAE-4984-8D0E-5CF1F8DE6E0E}.Release|Any CPU.Build.0 = Release|Any CPU
	EndGlobalSection
	GlobalSection(SolutionProperties) = preSolution
		HideSolutionNode = FALSE
	EndGlobalSection
	GlobalSection(ExtensibilityGlobals) = postSolution
		SolutionGuid = {7F9CCEC9-79E1-4863-9E45-ABCC903C0A81}
	EndGlobalSection
EndGlobal
